
Microsoft Visual Studio Solution File, Format Version 11.00
# Visual Studio 2010
Project("{FAE04EC0-301F-11D3-BF4B-00C04F79EFBC}") = "Assembly-CSharp", "Assembly-CSharp.csproj", "{4d761f27-8144-bddd-6b32-adb54c9737b3}"
EndProject
Project("{FAE04EC0-301F-11D3-BF4B-00C04F79EFBC}") = "Assembly-CSharp-firstpass", "Assembly-CSharp-firstpass.csproj", "{30e76a82-221b-9214-6246-831a4476dfec}"
EndProject
Global
	GlobalSection(SolutionConfigurationPlatforms) = preSolution
		Debug|Any CPU = Debug|Any CPU
	EndGlobalSection
	GlobalSection(ProjectConfigurationPlatforms) = postSolution
		{4d761f27-8144-bddd-6b32-adb54c9737b3}.Debug|Any CPU.ActiveCfg = Debug|Any CPU
		{4d761f27-8144-bddd-6b32-adb54c9737b3}.Debug|Any CPU.Build.0 = Debug|Any CPU
		{30e76a82-221b-9214-6246-831a4476dfec}.Debug|Any CPU.ActiveCfg = Debug|Any CPU
		{30e76a82-221b-9214-6246-831a4476dfec}.Debug|Any CPU.Build.0 = Debug|Any CPU
	EndGlobalSection
	GlobalSection(SolutionProperties) = preSolution
		HideSolutionNode = FALSE
	EndGlobalSection
EndGlobal
